<?xml version="1.0" encoding="utf-8"?>
<Project ToolsVersion="4.0" xmlns="http://schemas.microsoft.com/developer/msbuild/2003">
  <ItemGroup>
    <Filter Include="Source Files">
      <UniqueIdentifier>{4FC737F1-C7A5-4376-A066-2A32D752A2FF}</UniqueIdentifier>
      <Extensions>cpp;c;cc;cxx;c++;cppm;ixx;def;odl;idl;hpj;bat;asm;asmx</Extensions>
    </Filter>
    <Filter Include="Header Files">
      <UniqueIdentifier>{93995380-89BD-4b04-88EB-625FBE52EBFB}</UniqueIdentifier>
      <Extensions>h;hh;hpp;hxx;h++;hm;inl;inc;ipp;xsd</Extensions>
    </Filter>
    <Filter Include="Resource Files">
      <UniqueIdentifier>{67DA6AB6-F800-4c08-8B7A-83BB121AAD01}</UniqueIdentifier>
      <Extensions>rc;ico;cur;bmp;dlg;rc2;rct;bin;rgs;gif;jpg;jpeg;jpe;resx;tiff;tif;png;wav;mfcribbon-ms</Extensions>
    </Filter>
    <Filter Include="Resource Files\Shaders">
      <UniqueIdentifier>{926797d6-5a87-463c-a3ce-6527292ab125}</UniqueIdentifier>
    </Filter>
    <Filter Include="Resource Files\Textures">
      <UniqueIdentifier>{9a7fb651-9f63-4027-9cfe-bf4ef750abeb}</UniqueIdentifier>
    </Filter>
    <Filter Include="Resource Files\Textures\skybox">
      <UniqueIdentifier>{a3a8d8d6-05b9-4b38-be9a-4fe6685fce8f}</UniqueIdentifier>
    </Filter>
    <Filter Include="Resource Files\Textures\dirt_block">
      <UniqueIdentifier>{c63df498-b7c5-46d3-8b8d-4c8492fc367c}</UniqueIdentifier>
    </Filter>
  </ItemGroup>
  <ItemGroup>
    <ClCompile Include="glad.c">
      <Filter>Source Files</Filter>
    </ClCompile>
    <ClCompile Include="Main.cpp">
      <Filter>Source Files</Filter>
    </ClCompile>
    <ClCompile Include="shaderClass.cpp">
      <Filter>Source Files</Filter>
    </ClCompile>
    <ClCompile Include="VBO.cpp">
      <Filter>Source Files</Filter>
    </ClCompile>
    <ClCompile Include="EBO.cpp">
      <Filter>Source Files</Filter>
    </ClCompile>
    <ClCompile Include="VAO.cpp">
      <Filter>Source Files</Filter>
    </ClCompile>
    <ClCompile Include="stb.cpp">
      <Filter>Source Files</Filter>
    </ClCompile>
    <ClCompile Include="Texture.cpp">
      <Filter>Source Files</Filter>
    </ClCompile>
    <ClCompile Include="Camera.cpp">
      <Filter>Source Files</Filter>
    </ClCompile>
    <ClCompile Include="Terrain.cpp">
      <Filter>Source Files</Filter>
    </ClCompile>
    <ClCompile Include="Noise.cpp">
      <Filter>Source Files</Filter>
    </ClCompile>
    <ClCompile Include="Game.cpp">
      <Filter>Source Files</Filter>
    </ClCompile>
  </ItemGroup>
  <ItemGroup>
    <Text Include="default.vert">
      <Filter>Resource Files\Shaders</Filter>
    </Text>
  </ItemGroup>
  <ItemGroup>
    <None Include="default.frag">
      <Filter>Resource Files\Shaders</Filter>
    </None>
    <None Include="skybox.vert">
      <Filter>Resource Files\Shaders</Filter>
    </None>
    <None Include="skybox.frag">
      <Filter>Resource Files\Shaders</Filter>
    </None>
  </ItemGroup>
  <ItemGroup>
    <ClInclude Include="shaderClass.h">
      <Filter>Header Files</Filter>
    </ClInclude>
    <ClInclude Include="VBO.h">
      <Filter>Header Files</Filter>
    </ClInclude>
    <ClInclude Include="EBO.h">
      <Filter>Header Files</Filter>
    </ClInclude>
    <ClInclude Include="VAO.h">
      <Filter>Header Files</Filter>
    </ClInclude>
    <ClInclude Include="Texture.h">
      <Filter>Header Files</Filter>
    </ClInclude>
    <ClInclude Include="Camera.h">
      <Filter>Header Files</Filter>
    </ClInclude>
    <ClInclude Include="Terrain.h">
      <Filter>Header Files</Filter>
    </ClInclude>
    <ClInclude Include="Noise.h">
      <Filter>Header Files</Filter>
    </ClInclude>
    <ClInclude Include="Game.h">
      <Filter>Header Files</Filter>
    </ClInclude>
  </ItemGroup>
  <ItemGroup>
    <Image Include="..\..\pop_cat.png">
      <Filter>Resource Files\Textures</Filter>
    </Image>
    <Image Include="..\..\..\Downloads\brick.png">
      <Filter>Resource Files\Textures</Filter>
    </Image>
    <Image Include="..\..\poze\poze div\test_block.png">
      <Filter>Resource Files\Textures</Filter>
    </Image>
    <Image Include="..\..\poze\poze div\block.png">
      <Filter>Resource Files\Textures</Filter>
    </Image>
    <Image Include="..\..\..\Downloads\top.png">
      <Filter>Resource Files\Textures\skybox</Filter>
    </Image>
    <Image Include="..\..\..\Downloads\bottom.png">
      <Filter>Resource Files\Textures\skybox</Filter>
    </Image>
    <Image Include="..\..\..\Downloads\left.png">
      <Filter>Resource Files\Textures\skybox</Filter>
    </Image>
    <Image Include="..\..\..\Downloads\back.png">
      <Filter>Resource Files\Textures\skybox</Filter>
    </Image>
    <Image Include="..\..\..\Downloads\front.png">
      <Filter>Resource Files\Textures\skybox</Filter>
    </Image>
    <Image Include="skybox\right.png">
      <Filter>Resource Files\Textures\skybox</Filter>
    </Image>
    <Image Include="no_texture.png">
      <Filter>Resource Files\Textures</Filter>
    </Image>
    <Image Include="..\..\..\Downloads\dirt_block\bottom.png">
      <Filter>Resource Files\Textures\dirt_block</Filter>
    </Image>
    <Image Include="..\..\..\Downloads\dirt_block\side.png">
      <Filter>Resource Files\Textures\dirt_block</Filter>
    </Image>
    <Image Include="..\..\..\Downloads\dirt_block\top.png">
      <Filter>Resource Files\Textures\dirt_block</Filter>
    </Image>
    <Image Include="..\..\..\Downloads\snow.png">
      <Filter>Resource Files\Textures\dirt_block</Filter>
    </Image>
  </ItemGroup>
</Project>