
Microsoft Visual Studio Solution File, Format Version 12.00
# Visual Studio Version 16
VisualStudioVersion = 16.0.31613.86
MinimumVisualStudioVersion = 10.0.40219.1
Project("{8BC9CEB8-8B4A-11D0-8D11-00A0C91BC942}") = "c++ opengl build", "c++ opengl build.vcxproj", "{C8AD7D03-5FC4-4272-A757-FA117F96F92D}"
EndProject
Global
	GlobalSection(SolutionConfigurationPlatforms) = preSolution
		Debug|x64 = Debug|x64
		Debug|x86 = Debug|x86
		Release|x64 = Release|x64
		Release|x86 = Release|x86
	EndGlobalSection
	GlobalSection(ProjectConfigurationPlatforms) = postSolution
		{C8AD7D03-5FC4-4272-A757-FA117F96F92D}.Debug|x64.ActiveCfg = Debug|x64
		{C8AD7D03-5FC4-4272-A757-FA117F96F92D}.Debug|x64.Build.0 = Debug|x64
		{C8AD7D03-5FC4-4272-A757-FA117F96F92D}.Debug|x86.ActiveCfg = Debug|Win32
		{C8AD7D03-5FC4-4272-A757-FA117F96F92D}.Debug|x86.Build.0 = Debug|Win32
		{C8AD7D03-5FC4-4272-A757-FA117F96F92D}.Release|x64.ActiveCfg = Release|x64
		{C8AD7D03-5FC4-4272-A757-FA117F96F92D}.Release|x64.Build.0 = Release|x64
		{C8AD7D03-5FC4-4272-A757-FA117F96F92D}.Release|x86.ActiveCfg = Release|Win32
		{C8AD7D03-5FC4-4272-A757-FA117F96F92D}.Release|x86.Build.0 = Release|Win32
	EndGlobalSection
	GlobalSection(SolutionProperties) = preSolution
		HideSolutionNode = FALSE
	EndGlobalSection
	GlobalSection(ExtensibilityGlobals) = postSolution
		SolutionGuid = {0E462FF8-ECE6-40F6-82CF-DFF3939E5BB5}
	EndGlobalSection
EndGlobal
